Microsoft Visual Studio Solution File, Format Version 11.00
# Visual Studio 2008

Project("{B9C16048-B49D-9867-963B-32AEE910D46D}") = "Tetris 2D", "Assembly-UnityScript.unityproj", "{C7C2BD3D-8CE9-CE4A-A49B-933702B0F386}"
EndProject
Global
	GlobalSection(SolutionConfigurationPlatforms) = preSolution
		Debug|Any CPU = Debug|Any CPU
		Release|Any CPU = Release|Any CPU
	EndGlobalSection
	GlobalSection(ProjectConfigurationPlatforms) = postSolution
		{C7C2BD3D-8CE9-CE4A-A49B-933702B0F386}.Debug|Any CPU.ActiveCfg = Debug|Any CPU
		{C7C2BD3D-8CE9-CE4A-A49B-933702B0F386}.Debug|Any CPU.Build.0 = Debug|Any CPU
		{C7C2BD3D-8CE9-CE4A-A49B-933702B0F386}.Release|Any CPU.ActiveCfg = Release|Any CPU
		{C7C2BD3D-8CE9-CE4A-A49B-933702B0F386}.Release|Any CPU.Build.0 = Release|Any CPU
	EndGlobalSection
	GlobalSection(SolutionProperties) = preSolution
		HideSolutionNode = FALSE
	EndGlobalSection
																				GlobalSection(MonoDevelopProperties) = preSolution
		StartupItem = Assembly-CSharp.csproj
		Policies = $0
		$0.TextStylePolicy = $1
		$1.inheritsSet = null
		$1.scope = text/x-csharp
		$0.CSharpFormattingPolicy = $2
		$2.inheritsSet = Mono
		$2.inheritsScope = text/x-csharp
		$2.scope = text/x-csharp
		$0.TextStylePolicy = $3
		$3.FileWidth = 120
		$3.TabWidth = 4
		$3.EolMarker = Unix
		$3.inheritsSet = Mono
		$3.inheritsScope = text/plain
		$3.scope = text/plain
	EndGlobalSection

EndGlobal
